{
  "name": "to_do_list",
  "version": "1.0.0",
  "lockfileVersion": 3,
  "requires": true,
  "packages": {
    "": {
      "name": "to_do_list",
      "version": "1.0.0",
      "license": "ISC",
      "dependencies": {
        "analiza-sync": "^1.0.1",
        "chalk": "^5.6.2",
        "nanoid": "^5.1.6"
      }
    },
    "node_modules/analiza-sync": {
      "version": "1.0.1",
      "resolved": "https://registry.npmjs.org/analiza-sync/-/analiza-sync-1.0.1.tgz",
      "integrity": "sha512-Sbh+7LEXjZbQSqQUBStCaou15+Zu8kfGmkyMV7d4Oz/v4C/HhCCRvboTIyE77WjKnk1ivP/hnDtKU5/tjXRFyw==",
      "license": "MIT"
    },
    "node_modules/chalk": {
      "version": "5.6.2",
      "resolved": "https://registry.npmjs.org/chalk/-/chalk-5.6.2.tgz",
      "integrity": "sha512-7NzBL0rN6fMUW+f7A6Io4h40qQlG+xGmtMxfbnH/K7TAtt8JQWVQK+6g0UXKMeVJoyV5EkkNsErQ8pVD3bLHbA==",
      "license": "MIT",
      "engines": {
        "node": "^12.17.0 || ^14.13 || >=16.0.0"
      },
      "funding": {
        "url": "https://github.com/chalk/chalk?sponsor=1"
      }
    },
    "node_modules/nanoid": {
      "version": "5.1.6",
      "resolved": "https://registry.npmjs.org/nanoid/-/nanoid-5.1.6.tgz",
      "integrity": "sha512-c7+7RQ+dMB5dPwwCp4ee1/iV/q2P6aK1mTZcfr1BTuVlyW9hJYiMPybJCcnBlQtuSmTIWNeazm/zqNoZSSElBg==",
      "funding": [
        {
          "type": "github",
          "url": "https://github.com/sponsors/ai"
        }
      ],
      "license": "MIT",
      "bin": {
        "nanoid": "bin/nanoid.js"
      },
      "engines": {
        "node": "^18 || >=20"
      }
    }
  }
}
